
Microsoft Visual Studio Solution File, Format Version 12.00
# Visual Studio Version 16
VisualStudioVersion = 16.0.29613.14
MinimumVisualStudioVersion = 10.0.40219.1
Project("{9A19103F-16F7-4668-BE54-9A1E7A4F7556}") = "Euler", "Euler\Euler.csproj", "{CE89604F-0984-4454-8AE6-44C0A7A935A9}"
EndProject
Project("{F2A71F9B-5D33-465A-A702-920D77279786}") = "EulerFS", "EulerFS\EulerFS.fsproj", "{64C4DD9C-9832-47AC-AE27-CCD7200A562C}"
EndProject
Project("{F2A71F9B-5D33-465A-A702-920D77279786}") = "Solution", "Solution\Solution.fsproj", "{87C1513A-F2F2-4D7F-B038-6A022521598F}"
EndProject
Project("{F2A71F9B-5D33-465A-A702-920D77279786}") = "SolutionTests", "SolutionTests\SolutionTests.fsproj", "{6F0AF36B-0D32-4C8F-A5AB-04B07A83DEF3}"
EndProject
Global
	GlobalSection(SolutionConfigurationPlatforms) = preSolution
		Debug|Any CPU = Debug|Any CPU
		Release|Any CPU = Release|Any CPU
	EndGlobalSection
	GlobalSection(ProjectConfigurationPlatforms) = postSolution
		{CE89604F-0984-4454-8AE6-44C0A7A935A9}.Debug|Any CPU.ActiveCfg = Debug|Any CPU
		{CE89604F-0984-4454-8AE6-44C0A7A935A9}.Debug|Any CPU.Build.0 = Debug|Any CPU
		{CE89604F-0984-4454-8AE6-44C0A7A935A9}.Release|Any CPU.ActiveCfg = Release|Any CPU
		{CE89604F-0984-4454-8AE6-44C0A7A935A9}.Release|Any CPU.Build.0 = Release|Any CPU
		{64C4DD9C-9832-47AC-AE27-CCD7200A562C}.Debug|Any CPU.ActiveCfg = Debug|Any CPU
		{64C4DD9C-9832-47AC-AE27-CCD7200A562C}.Debug|Any CPU.Build.0 = Debug|Any CPU
		{64C4DD9C-9832-47AC-AE27-CCD7200A562C}.Release|Any CPU.ActiveCfg = Release|Any CPU
		{64C4DD9C-9832-47AC-AE27-CCD7200A562C}.Release|Any CPU.Build.0 = Release|Any CPU
		{87C1513A-F2F2-4D7F-B038-6A022521598F}.Debug|Any CPU.ActiveCfg = Debug|Any CPU
		{87C1513A-F2F2-4D7F-B038-6A022521598F}.Debug|Any CPU.Build.0 = Debug|Any CPU
		{87C1513A-F2F2-4D7F-B038-6A022521598F}.Release|Any CPU.ActiveCfg = Release|Any CPU
		{87C1513A-F2F2-4D7F-B038-6A022521598F}.Release|Any CPU.Build.0 = Release|Any CPU
		{6F0AF36B-0D32-4C8F-A5AB-04B07A83DEF3}.Debug|Any CPU.ActiveCfg = Debug|Any CPU
		{6F0AF36B-0D32-4C8F-A5AB-04B07A83DEF3}.Debug|Any CPU.Build.0 = Debug|Any CPU
		{6F0AF36B-0D32-4C8F-A5AB-04B07A83DEF3}.Release|Any CPU.ActiveCfg = Release|Any CPU
		{6F0AF36B-0D32-4C8F-A5AB-04B07A83DEF3}.Release|Any CPU.Build.0 = Release|Any CPU
	EndGlobalSection
	GlobalSection(SolutionProperties) = preSolution
		HideSolutionNode = FALSE
	EndGlobalSection
	GlobalSection(ExtensibilityGlobals) = postSolution
		SolutionGuid = {33A7B753-FEE7-4B4D-85BA-C8ADE0D08DD8}
	EndGlobalSection
EndGlobal
